// !$*UTF8*$!
{
	archiveVersion = 1;
	classes = {
	};
	objectVersion = 48;
	objects = {

/* Begin PBXBuildFile section */
		0406C66220D0B147008F6A26 /* PhotoSetCell.m in Sources */ = {isa = PBXBuildFile; fileRef = 0406C66020D0B147008F6A26 /* PhotoSetCell.m */; };
		0406C66320D0B147008F6A26 /* PhotoSetCell.xib in Resources */ = {isa = PBXBuildFile; fileRef = 0406C66120D0B147008F6A26 /* PhotoSetCell.xib */; };
		0406C66720D0BAE7008F6A26 /* MessageCell.m in Sources */ = {isa = PBXBuildFile; fileRef = 0406C66520D0BAE7008F6A26 /* MessageCell.m */; };
		0406C66820D0BAE7008F6A26 /* MessageCell.xib in Resources */ = {isa = PBXBuildFile; fileRef = 0406C66620D0BAE7008F6A26 /* MessageCell.xib */; };
		0406C66B20D0C21F008F6A26 /* PriceCenterVC.m in Sources */ = {isa = PBXBuildFile; fileRef = 0406C66A20D0C21F008F6A26 /* PriceCenterVC.m */; };
		0406C66E20D0C709008F6A26 /* WarnCenterVC.m in Sources */ = {isa = PBXBuildFile; fileRef = 0406C66D20D0C709008F6A26 /* WarnCenterVC.m */; };
		04204F7E20CE3F78007BD075 /* BezierCurveView.xib in Resources */ = {isa = PBXBuildFile; fileRef = 04204F7B20CE3F78007BD075 /* BezierCurveView.xib */; };
		04204F7F20CE3F78007BD075 /* BezierCurveView.m in Sources */ = {isa = PBXBuildFile; fileRef = 04204F7D20CE3F78007BD075 /* BezierCurveView.m */; };
		04204F8D20CE4B9D007BD075 /* PriceVC.m in Sources */ = {isa = PBXBuildFile; fileRef = 04204F8320CE4B9D007BD075 /* PriceVC.m */; };
		04204F8E20CE4B9D007BD075 /* PriceCell.m in Sources */ = {isa = PBXBuildFile; fileRef = 04204F8720CE4B9D007BD075 /* PriceCell.m */; };
		04204F8F20CE4B9D007BD075 /* PriceCell.xib in Resources */ = {isa = PBXBuildFile; fileRef = 04204F8820CE4B9D007BD075 /* PriceCell.xib */; };
		04204F9220CE4BBD007BD075 /* PriceDetailedVC.m in Sources */ = {isa = PBXBuildFile; fileRef = 04204F9120CE4BBD007BD075 /* PriceDetailedVC.m */; };
		04204F9A20CE5C38007BD075 /* PriceDetailedSubVC.m in Sources */ = {isa = PBXBuildFile; fileRef = 04204F9920CE5C38007BD075 /* PriceDetailedSubVC.m */; };
		04204FA020CE63A6007BD075 /* BaseTypeView.m in Sources */ = {isa = PBXBuildFile; fileRef = 04204F9F20CE63A6007BD075 /* BaseTypeView.m */; };
		04204FA320CE6E65007BD075 /* IndexView.m in Sources */ = {isa = PBXBuildFile; fileRef = 04204FA220CE6E65007BD075 /* IndexView.m */; };
		04204FA520CE6E75007BD075 /* IndexView.xib in Resources */ = {isa = PBXBuildFile; fileRef = 04204FA420CE6E75007BD075 /* IndexView.xib */; };
		0445DBC720CFA618009BA6BF /* InformationSubVC.m in Sources */ = {isa = PBXBuildFile; fileRef = 0445DBC620CFA618009BA6BF /* InformationSubVC.m */; };
		0445DBCE20CFA9AD009BA6BF /* InformationCell.m in Sources */ = {isa = PBXBuildFile; fileRef = 0445DBCC20CFA9AD009BA6BF /* InformationCell.m */; };
		0445DBCF20CFA9AD009BA6BF /* InformationCell.xib in Resources */ = {isa = PBXBuildFile; fileRef = 0445DBCD20CFA9AD009BA6BF /* InformationCell.xib */; };
		0445DBD620CFBD70009BA6BF /* CurrencySelectVC.m in Sources */ = {isa = PBXBuildFile; fileRef = 0445DBD520CFBD70009BA6BF /* CurrencySelectVC.m */; };
		0445DBD920CFCDF3009BA6BF /* TrendVC.m in Sources */ = {isa = PBXBuildFile; fileRef = 0445DBD820CFCDF3009BA6BF /* TrendVC.m */; };
		0445DBDC20CFCE0C009BA6BF /* TrendSubVC.m in Sources */ = {isa = PBXBuildFile; fileRef = 0445DBDB20CFCE0C009BA6BF /* TrendSubVC.m */; };
		0445DBE020CFD277009BA6BF /* HeadCell.m in Sources */ = {isa = PBXBuildFile; fileRef = 0445DBDE20CFD277009BA6BF /* HeadCell.m */; };
		0445DBE120CFD277009BA6BF /* HeadCell.xib in Resources */ = {isa = PBXBuildFile; fileRef = 0445DBDF20CFD277009BA6BF /* HeadCell.xib */; };
		0445DBE520CFD550009BA6BF /* SettingCell.m in Sources */ = {isa = PBXBuildFile; fileRef = 0445DBE320CFD550009BA6BF /* SettingCell.m */; };
		0445DBE620CFD550009BA6BF /* SettingCell.xib in Resources */ = {isa = PBXBuildFile; fileRef = 0445DBE420CFD550009BA6BF /* SettingCell.xib */; };
		0469DFC720D26AF60096C35C /* PhoneZhuCeModel.m in Sources */ = {isa = PBXBuildFile; fileRef = 0469DFC620D26AF60096C35C /* PhoneZhuCeModel.m */; };
		04B218D520D1047B000D661F /* MemberVC.m in Sources */ = {isa = PBXBuildFile; fileRef = 04B218D420D1047B000D661F /* MemberVC.m */; };
		04B218D820D106FD000D661F /* GeneralVC.m in Sources */ = {isa = PBXBuildFile; fileRef = 04B218D720D106FD000D661F /* GeneralVC.m */; };
		04B218DB20D10B8F000D661F /* ShareVC.m in Sources */ = {isa = PBXBuildFile; fileRef = 04B218DA20D10B8F000D661F /* ShareVC.m */; };
		04B218DE20D10CCE000D661F /* shareBtn.m in Sources */ = {isa = PBXBuildFile; fileRef = 04B218DD20D10CCE000D661F /* shareBtn.m */; };
		04B218E420D11867000D661F /* UIView+BorderLine.m in Sources */ = {isa = PBXBuildFile; fileRef = 04B218E320D11867000D661F /* UIView+BorderLine.m */; };
		7EB3210A20CEC4A50093DBAB /* SSSearchBar.m in Sources */ = {isa = PBXBuildFile; fileRef = 7EB3210920CEC4A50093DBAB /* SSSearchBar.m */; };
		7EB5E25120CCAD40004BFAE2 /* AppDelegate.m in Sources */ = {isa = PBXBuildFile; fileRef = 7EB5E24220CCAD40004BFAE2 /* AppDelegate.m */; };
		7EB5E25220CCAD40004BFAE2 /* MainNavigationController.m in Sources */ = {isa = PBXBuildFile; fileRef = 7EB5E24420CCAD40004BFAE2 /* MainNavigationController.m */; };
		7EB5E25320CCAD40004BFAE2 /* MainTabBarController.m in Sources */ = {isa = PBXBuildFile; fileRef = 7EB5E24620CCAD40004BFAE2 /* MainTabBarController.m */; };
		7EB5E25920CCADF2004BFAE2 /* NetworkManage.m in Sources */ = {isa = PBXBuildFile; fileRef = 7EB5E25420CCADF2004BFAE2 /* NetworkManage.m */; };
		7EB5E25A20CCADF2004BFAE2 /* Tool.m in Sources */ = {isa = PBXBuildFile; fileRef = 7EB5E25820CCADF2004BFAE2 /* Tool.m */; };
		7EB5E26020CCADFC004BFAE2 /* MonitorNetwork.m in Sources */ = {isa = PBXBuildFile; fileRef = 7EB5E25D20CCADFC004BFAE2 /* MonitorNetwork.m */; };
		7EB5E26120CCADFC004BFAE2 /* Reachability.m in Sources */ = {isa = PBXBuildFile; fileRef = 7EB5E25F20CCADFC004BFAE2 /* Reachability.m */; };
		7EB5E27020CCAE09004BFAE2 /* UIDevice+KCHardware.m in Sources */ = {isa = PBXBuildFile; fileRef = 7EB5E26320CCAE08004BFAE2 /* UIDevice+KCHardware.m */; };
		7EB5E27120CCAE09004BFAE2 /* UIBarButtonItem+GFBarButtonItem.m in Sources */ = {isa = PBXBuildFile; fileRef = 7EB5E26620CCAE08004BFAE2 /* UIBarButtonItem+GFBarButtonItem.m */; };
		7EB5E27220CCAE09004BFAE2 /* UIView+Addition.m in Sources */ = {isa = PBXBuildFile; fileRef = 7EB5E26720CCAE08004BFAE2 /* UIView+Addition.m */; };
		7EB5E27320CCAE09004BFAE2 /* UIColor+Addition.m in Sources */ = {isa = PBXBuildFile; fileRef = 7EB5E26820CCAE08004BFAE2 /* UIColor+Addition.m */; };
		7EB5E27420CCAE09004BFAE2 /* NSDate+Extension.m in Sources */ = {isa = PBXBuildFile; fileRef = 7EB5E26920CCAE08004BFAE2 /* NSDate+Extension.m */; };
		7EB5E27520CCAE09004BFAE2 /* UIButton+BgColorState.m in Sources */ = {isa = PBXBuildFile; fileRef = 7EB5E26B20CCAE08004BFAE2 /* UIButton+BgColorState.m */; };
		7EB5E27620CCAE09004BFAE2 /* UIViewController+SLHUD.m in Sources */ = {isa = PBXBuildFile; fileRef = 7EB5E26C20CCAE08004BFAE2 /* UIViewController+SLHUD.m */; };
		7EB5E27C20CCB124004BFAE2 /* InformationVC.m in Sources */ = {isa = PBXBuildFile; fileRef = 7EB5E27B20CCB124004BFAE2 /* InformationVC.m */; };
		7EB5E27F20CCB13D004BFAE2 /* HomeVC.m in Sources */ = {isa = PBXBuildFile; fileRef = 7EB5E27E20CCB13D004BFAE2 /* HomeVC.m */; };
		7EB5E28220CCB151004BFAE2 /* MineVC.m in Sources */ = {isa = PBXBuildFile; fileRef = 7EB5E28120CCB151004BFAE2 /* MineVC.m */; };
		7EB5E28B20CCB60A004BFAE2 /* RegisterVC.m in Sources */ = {isa = PBXBuildFile; fileRef = 7EB5E28A20CCB60A004BFAE2 /* RegisterVC.m */; };
		7EB5E28E20CCB61D004BFAE2 /* LoginVC.m in Sources */ = {isa = PBXBuildFile; fileRef = 7EB5E28D20CCB61D004BFAE2 /* LoginVC.m */; };
		7EB5E29120CCB673004BFAE2 /* FindPwVC.m in Sources */ = {isa = PBXBuildFile; fileRef = 7EB5E29020CCB673004BFAE2 /* FindPwVC.m */; };
		7EB5E29B20CD00F0004BFAE2 /* FSPageContentView.m in Sources */ = {isa = PBXBuildFile; fileRef = 7EB5E29720CD00F0004BFAE2 /* FSPageContentView.m */; };
		7EB5E29C20CD00F0004BFAE2 /* FSSegmentTitleView.m in Sources */ = {isa = PBXBuildFile; fileRef = 7EB5E29A20CD00F0004BFAE2 /* FSSegmentTitleView.m */; };
		7EB5E29F20CD01FF004BFAE2 /* FSBaseTableView.m in Sources */ = {isa = PBXBuildFile; fileRef = 7EB5E29D20CD01FF004BFAE2 /* FSBaseTableView.m */; };
		7EB5E2A220CD0545004BFAE2 /* FSBottomTableViewCell.m in Sources */ = {isa = PBXBuildFile; fileRef = 7EB5E2A120CD0545004BFAE2 /* FSBottomTableViewCell.m */; };
		7EB5E2A520CD057F004BFAE2 /* HomeSubVC.m in Sources */ = {isa = PBXBuildFile; fileRef = 7EB5E2A420CD057F004BFAE2 /* HomeSubVC.m */; };
		7EB5E2AB20CD0696004BFAE2 /* GraphCell.m in Sources */ = {isa = PBXBuildFile; fileRef = 7EB5E2AA20CD0696004BFAE2 /* GraphCell.m */; };
		7EB5E2AF20CD0C82004BFAE2 /* IndexCellCell.m in Sources */ = {isa = PBXBuildFile; fileRef = 7EB5E2AD20CD0C82004BFAE2 /* IndexCellCell.m */; };
		7EB5E2B020CD0C82004BFAE2 /* IndexCellCell.xib in Resources */ = {isa = PBXBuildFile; fileRef = 7EB5E2AE20CD0C82004BFAE2 /* IndexCellCell.xib */; };
		7ED981C020D00C6A00749D14 /* PersionDetailVC.m in Sources */ = {isa = PBXBuildFile; fileRef = 7ED981BF20D00C6A00749D14 /* PersionDetailVC.m */; };
		7EFBA35A20CC2F050059090B /* Main.storyboard in Resources */ = {isa = PBXBuildFile; fileRef = 7EFBA35820CC2F050059090B /* Main.storyboard */; };
		7EFBA35C20CC2F050059090B /* Assets.xcassets in Resources */ = {isa = PBXBuildFile; fileRef = 7EFBA35B20CC2F050059090B /* Assets.xcassets */; };
		7EFBA35F20CC2F050059090B /* LaunchScreen.storyboard in Resources */ = {isa = PBXBuildFile; fileRef = 7EFBA35D20CC2F050059090B /* LaunchScreen.storyboard */; };
		7EFBA36220CC2F050059090B /* main.m in Sources */ = {isa = PBXBuildFile; fileRef = 7EFBA36120CC2F050059090B /* main.m */; };
		E4454832EAD5360F49E317BF /* Pods_Fairy.framework in Frameworks */ = {isa = PBXBuildFile; fileRef = 78493D73EEE62E43218BE701 /* Pods_Fairy.framework */; };
/* End PBXBuildFile section */

/* Begin PBXFileReference section */
		0406C65F20D0B147008F6A26 /* PhotoSetCell.h */ = {isa = PBXFileReference; lastKnownFileType = sourcecode.c.h; path = PhotoSetCell.h; sourceTree = "<group>"; };
		0406C66020D0B147008F6A26 /* PhotoSetCell.m */ = {isa = PBXFileReference; lastKnownFileType = sourcecode.c.objc; path = PhotoSetCell.m; sourceTree = "<group>"; };
		0406C66120D0B147008F6A26 /* PhotoSetCell.xib */ = {isa = PBXFileReference; lastKnownFileType = file.xib; path = PhotoSetCell.xib; sourceTree = "<group>"; };
		0406C66420D0BAE7008F6A26 /* MessageCell.h */ = {isa = PBXFileReference; lastKnownFileType = sourcecode.c.h; path = MessageCell.h; sourceTree = "<group>"; };
		0406C66520D0BAE7008F6A26 /* MessageCell.m */ = {isa = PBXFileReference; lastKnownFileType = sourcecode.c.objc; path = MessageCell.m; sourceTree = "<group>"; };
		0406C66620D0BAE7008F6A26 /* MessageCell.xib */ = {isa = PBXFileReference; lastKnownFileType = file.xib; path = MessageCell.xib; sourceTree = "<group>"; };
		0406C66920D0C21F008F6A26 /* PriceCenterVC.h */ = {isa = PBXFileReference; lastKnownFileType = sourcecode.c.h; path = PriceCenterVC.h; sourceTree = "<group>"; };
		0406C66A20D0C21F008F6A26 /* PriceCenterVC.m */ = {isa = PBXFileReference; lastKnownFileType = sourcecode.c.objc; path = PriceCenterVC.m; sourceTree = "<group>"; };
		0406C66C20D0C709008F6A26 /* WarnCenterVC.h */ = {isa = PBXFileReference; lastKnownFileType = sourcecode.c.h; path = WarnCenterVC.h; sourceTree = "<group>"; };
		0406C66D20D0C709008F6A26 /* WarnCenterVC.m */ = {isa = PBXFileReference; lastKnownFileType = sourcecode.c.objc; path = WarnCenterVC.m; sourceTree = "<group>"; };
		04204F7B20CE3F78007BD075 /* BezierCurveView.xib */ = {isa = PBXFileReference; fileEncoding = 4; lastKnownFileType = file.xib; path = BezierCurveView.xib; sourceTree = "<group>"; };
		04204F7C20CE3F78007BD075 /* BezierCurveView.h */ = {isa = PBXFileReference; fileEncoding = 4; lastKnownFileType = sourcecode.c.h; path = BezierCurveView.h; sourceTree = "<group>"; };
		04204F7D20CE3F78007BD075 /* BezierCurveView.m */ = {isa = PBXFileReference; fileEncoding = 4; lastKnownFileType = sourcecode.c.objc; path = BezierCurveView.m; sourceTree = "<group>"; };
		04204F8220CE4B9D007BD075 /* PriceVC.h */ = {isa = PBXFileReference; fileEncoding = 4; lastKnownFileType = sourcecode.c.h; path = PriceVC.h; sourceTree = "<group>"; };
		04204F8320CE4B9D007BD075 /* PriceVC.m */ = {isa = PBXFileReference; fileEncoding = 4; lastKnownFileType = sourcecode.c.objc; path = PriceVC.m; sourceTree = "<group>"; };
		04204F8620CE4B9D007BD075 /* PriceCell.h */ = {isa = PBXFileReference; fileEncoding = 4; lastKnownFileType = sourcecode.c.h; path = PriceCell.h; sourceTree = "<group>"; };
		04204F8720CE4B9D007BD075 /* PriceCell.m */ = {isa = PBXFileReference; fileEncoding = 4; lastKnownFileType = sourcecode.c.objc; path = PriceCell.m; sourceTree = "<group>"; };
		04204F8820CE4B9D007BD075 /* PriceCell.xib */ = {isa = PBXFileReference; fileEncoding = 4; lastKnownFileType = file.xib; path = PriceCell.xib; sourceTree = "<group>"; };
		04204F9020CE4BBD007BD075 /* PriceDetailedVC.h */ = {isa = PBXFileReference; lastKnownFileType = sourcecode.c.h; path = PriceDetailedVC.h; sourceTree = "<group>"; };
		04204F9120CE4BBD007BD075 /* PriceDetailedVC.m */ = {isa = PBXFileReference; lastKnownFileType = sourcecode.c.objc; path = PriceDetailedVC.m; sourceTree = "<group>"; };
		04204F9820CE5C38007BD075 /* PriceDetailedSubVC.h */ = {isa = PBXFileReference; lastKnownFileType = sourcecode.c.h; path = PriceDetailedSubVC.h; sourceTree = "<group>"; };
		04204F9920CE5C38007BD075 /* PriceDetailedSubVC.m */ = {isa = PBXFileReference; lastKnownFileType = sourcecode.c.objc; path = PriceDetailedSubVC.m; sourceTree = "<group>"; };
		04204F9E20CE63A6007BD075 /* BaseTypeView.h */ = {isa = PBXFileReference; lastKnownFileType = sourcecode.c.h; path = BaseTypeView.h; sourceTree = "<group>"; };
		04204F9F20CE63A6007BD075 /* BaseTypeView.m */ = {isa = PBXFileReference; lastKnownFileType = sourcecode.c.objc; path = BaseTypeView.m; sourceTree = "<group>"; };
		04204FA120CE6E65007BD075 /* IndexView.h */ = {isa = PBXFileReference; lastKnownFileType = sourcecode.c.h; path = IndexView.h; sourceTree = "<group>"; };
		04204FA220CE6E65007BD075 /* IndexView.m */ = {isa = PBXFileReference; lastKnownFileType = sourcecode.c.objc; path = IndexView.m; sourceTree = "<group>"; };
		04204FA420CE6E75007BD075 /* IndexView.xib */ = {isa = PBXFileReference; lastKnownFileType = file.xib; path = IndexView.xib; sourceTree = "<group>"; };
		0445DBC520CFA618009BA6BF /* InformationSubVC.h */ = {isa = PBXFileReference; lastKnownFileType = sourcecode.c.h; path = InformationSubVC.h; sourceTree = "<group>"; };
		0445DBC620CFA618009BA6BF /* InformationSubVC.m */ = {isa = PBXFileReference; lastKnownFileType = sourcecode.c.objc; path = InformationSubVC.m; sourceTree = "<group>"; };
		0445DBCB20CFA9AD009BA6BF /* InformationCell.h */ = {isa = PBXFileReference; lastKnownFileType = sourcecode.c.h; path = InformationCell.h; sourceTree = "<group>"; };
		0445DBCC20CFA9AD009BA6BF /* InformationCell.m */ = {isa = PBXFileReference; lastKnownFileType = sourcecode.c.objc; path = InformationCell.m; sourceTree = "<group>"; };
		0445DBCD20CFA9AD009BA6BF /* InformationCell.xib */ = {isa = PBXFileReference; lastKnownFileType = file.xib; path = InformationCell.xib; sourceTree = "<group>"; };
		0445DBD420CFBD70009BA6BF /* CurrencySelectVC.h */ = {isa = PBXFileReference; lastKnownFileType = sourcecode.c.h; path = CurrencySelectVC.h; sourceTree = "<group>"; };
		0445DBD520CFBD70009BA6BF /* CurrencySelectVC.m */ = {isa = PBXFileReference; lastKnownFileType = sourcecode.c.objc; path = CurrencySelectVC.m; sourceTree = "<group>"; };
		0445DBD720CFCDF3009BA6BF /* TrendVC.h */ = {isa = PBXFileReference; lastKnownFileType = sourcecode.c.h; path = TrendVC.h; sourceTree = "<group>"; };
		0445DBD820CFCDF3009BA6BF /* TrendVC.m */ = {isa = PBXFileReference; lastKnownFileType = sourcecode.c.objc; path = TrendVC.m; sourceTree = "<group>"; };
		0445DBDA20CFCE0C009BA6BF /* TrendSubVC.h */ = {isa = PBXFileReference; lastKnownFileType = sourcecode.c.h; path = TrendSubVC.h; sourceTree = "<group>"; };
		0445DBDB20CFCE0C009BA6BF /* TrendSubVC.m */ = {isa = PBXFileReference; lastKnownFileType = sourcecode.c.objc; path = TrendSubVC.m; sourceTree = "<group>"; };
		0445DBDD20CFD277009BA6BF /* HeadCell.h */ = {isa = PBXFileReference; lastKnownFileType = sourcecode.c.h; path = HeadCell.h; sourceTree = "<group>"; };
		0445DBDE20CFD277009BA6BF /* HeadCell.m */ = {isa = PBXFileReference; lastKnownFileType = sourcecode.c.objc; path = HeadCell.m; sourceTree = "<group>"; };
		0445DBDF20CFD277009BA6BF /* HeadCell.xib */ = {isa = PBXFileReference; lastKnownFileType = file.xib; path = HeadCell.xib; sourceTree = "<group>"; };
		0445DBE220CFD550009BA6BF /* SettingCell.h */ = {isa = PBXFileReference; lastKnownFileType = sourcecode.c.h; path = SettingCell.h; sourceTree = "<group>"; };
		0445DBE320CFD550009BA6BF /* SettingCell.m */ = {isa = PBXFileReference; lastKnownFileType = sourcecode.c.objc; path = SettingCell.m; sourceTree = "<group>"; };
		0445DBE420CFD550009BA6BF /* SettingCell.xib */ = {isa = PBXFileReference; lastKnownFileType = file.xib; path = SettingCell.xib; sourceTree = "<group>"; };
		0469DFC520D26AF60096C35C /* PhoneZhuCeModel.h */ = {isa = PBXFileReference; lastKnownFileType = sourcecode.c.h; path = PhoneZhuCeModel.h; sourceTree = "<group>"; };
		0469DFC620D26AF60096C35C /* PhoneZhuCeModel.m */ = {isa = PBXFileReference; lastKnownFileType = sourcecode.c.objc; path = PhoneZhuCeModel.m; sourceTree = "<group>"; };
		04B218D320D1047B000D661F /* MemberVC.h */ = {isa = PBXFileReference; lastKnownFileType = sourcecode.c.h; path = MemberVC.h; sourceTree = "<group>"; };
		04B218D420D1047B000D661F /* MemberVC.m */ = {isa = PBXFileReference; lastKnownFileType = sourcecode.c.objc; path = MemberVC.m; sourceTree = "<group>"; };
		04B218D620D106FD000D661F /* GeneralVC.h */ = {isa = PBXFileReference; lastKnownFileType = sourcecode.c.h; path = GeneralVC.h; sourceTree = "<group>"; };
		04B218D720D106FD000D661F /* GeneralVC.m */ = {isa = PBXFileReference; lastKnownFileType = sourcecode.c.objc; path = GeneralVC.m; sourceTree = "<group>"; };
		04B218D920D10B8F000D661F /* ShareVC.h */ = {isa = PBXFileReference; lastKnownFileType = sourcecode.c.h; path = ShareVC.h; sourceTree = "<group>"; };
		04B218DA20D10B8F000D661F /* ShareVC.m */ = {isa = PBXFileReference; lastKnownFileType = sourcecode.c.objc; path = ShareVC.m; sourceTree = "<group>"; };
		04B218DC20D10CCE000D661F /* shareBtn.h */ = {isa = PBXFileReference; fileEncoding = 4; lastKnownFileType = sourcecode.c.h; path = shareBtn.h; sourceTree = "<group>"; };
		04B218DD20D10CCE000D661F /* shareBtn.m */ = {isa = PBXFileReference; fileEncoding = 4; lastKnownFileType = sourcecode.c.objc; path = shareBtn.m; sourceTree = "<group>"; };
		04B218E220D11867000D661F /* UIView+BorderLine.h */ = {isa = PBXFileReference; lastKnownFileType = sourcecode.c.h; path = "UIView+BorderLine.h"; sourceTree = "<group>"; };
		04B218E320D11867000D661F /* UIView+BorderLine.m */ = {isa = PBXFileReference; lastKnownFileType = sourcecode.c.objc; path = "UIView+BorderLine.m"; sourceTree = "<group>"; };
		35A4F6E128F056A68D1D2A7B /* Pods-Fairy.release.xcconfig */ = {isa = PBXFileReference; includeInIndex = 1; lastKnownFileType = text.xcconfig; name = "Pods-Fairy.release.xcconfig"; path = "Pods/Target Support Files/Pods-Fairy/Pods-Fairy.release.xcconfig"; sourceTree = "<group>"; };
		78493D73EEE62E43218BE701 /* Pods_Fairy.framework */ = {isa = PBXFileReference; explicitFileType = wrapper.framework; includeInIndex = 0; path = Pods_Fairy.framework; sourceTree = BUILT_PRODUCTS_DIR; };
		7EB3210820CEC4A50093DBAB /* SSSearchBar.h */ = {isa = PBXFileReference; fileEncoding = 4; lastKnownFileType = sourcecode.c.h; path = SSSearchBar.h; sourceTree = "<group>"; };
		7EB3210920CEC4A50093DBAB /* SSSearchBar.m */ = {isa = PBXFileReference; fileEncoding = 4; lastKnownFileType = sourcecode.c.objc; path = SSSearchBar.m; sourceTree = "<group>"; };
		7EB5E21120CCA6FF004BFAE2 /* PrefixHeader.pch */ = {isa = PBXFileReference; lastKnownFileType = sourcecode.c.h; path = PrefixHeader.pch; sourceTree = "<group>"; };
		7EB5E24120CCAD40004BFAE2 /* AppDelegate.h */ = {isa = PBXFileReference; fileEncoding = 4; lastKnownFileType = sourcecode.c.h; path = AppDelegate.h; sourceTree = "<group>"; };
		7EB5E24220CCAD40004BFAE2 /* AppDelegate.m */ = {isa = PBXFileReference; fileEncoding = 4; lastKnownFileType = sourcecode.c.objc; path = AppDelegate.m; sourceTree = "<group>"; };
		7EB5E24320CCAD40004BFAE2 /* MainNavigationController.h */ = {isa = PBXFileReference; fileEncoding = 4; lastKnownFileType = sourcecode.c.h; path = MainNavigationController.h; sourceTree = "<group>"; };
		7EB5E24420CCAD40004BFAE2 /* MainNavigationController.m */ = {isa = PBXFileReference; fileEncoding = 4; lastKnownFileType = sourcecode.c.objc; path = MainNavigationController.m; sourceTree = "<group>"; };
		7EB5E24520CCAD40004BFAE2 /* MainTabBarController.h */ = {isa = PBXFileReference; fileEncoding = 4; lastKnownFileType = sourcecode.c.h; path = MainTabBarController.h; sourceTree = "<group>"; };
		7EB5E24620CCAD40004BFAE2 /* MainTabBarController.m */ = {isa = PBXFileReference; fileEncoding = 4; lastKnownFileType = sourcecode.c.objc; path = MainTabBarController.m; sourceTree = "<group>"; };
		7EB5E25420CCADF2004BFAE2 /* NetworkManage.m */ = {isa = PBXFileReference; fileEncoding = 4; lastKnownFileType = sourcecode.c.objc; path = NetworkManage.m; sourceTree = "<group>"; };
		7EB5E25520CCADF2004BFAE2 /* NetworkManage.h */ = {isa = PBXFileReference; fileEncoding = 4; lastKnownFileType = sourcecode.c.h; path = NetworkManage.h; sourceTree = "<group>"; };
		7EB5E25620CCADF2004BFAE2 /* HTTPRequestDefine.h */ = {isa = PBXFileReference; fileEncoding = 4; lastKnownFileType = sourcecode.c.h; path = HTTPRequestDefine.h; sourceTree = "<group>"; };
		7EB5E25720CCADF2004BFAE2 /* Tool.h */ = {isa = PBXFileReference; fileEncoding = 4; lastKnownFileType = sourcecode.c.h; path = Tool.h; sourceTree = "<group>"; };
		7EB5E25820CCADF2004BFAE2 /* Tool.m */ = {isa = PBXFileReference; fileEncoding = 4; lastKnownFileType = sourcecode.c.objc; path = Tool.m; sourceTree = "<group>"; };
		7EB5E25C20CCADFC004BFAE2 /* MonitorNetwork.h */ = {isa = PBXFileReference; fileEncoding = 4; lastKnownFileType = sourcecode.c.h; path = MonitorNetwork.h; sourceTree = "<group>"; };
		7EB5E25D20CCADFC004BFAE2 /* MonitorNetwork.m */ = {isa = PBXFileReference; fileEncoding = 4; lastKnownFileType = sourcecode.c.objc; path = MonitorNetwork.m; sourceTree = "<group>"; };
		7EB5E25E20CCADFC004BFAE2 /* Reachability.h */ = {isa = PBXFileReference; fileEncoding = 4; lastKnownFileType = sourcecode.c.h; path = Reachability.h; sourceTree = "<group>"; };
		7EB5E25F20CCADFC004BFAE2 /* Reachability.m */ = {isa = PBXFileReference; fileEncoding = 4; lastKnownFileType = sourcecode.c.objc; path = Reachability.m; sourceTree = "<group>"; };
		7EB5E26220CCAE08004BFAE2 /* UIBarButtonItem+GFBarButtonItem.h */ = {isa = PBXFileReference; fileEncoding = 4; lastKnownFileType = sourcecode.c.h; path = "UIBarButtonItem+GFBarButtonItem.h"; sourceTree = "<group>"; };
		7EB5E26320CCAE08004BFAE2 /* UIDevice+KCHardware.m */ = {isa = PBXFileReference; fileEncoding = 4; lastKnownFileType = sourcecode.c.objc; path = "UIDevice+KCHardware.m"; sourceTree = "<group>"; };
		7EB5E26420CCAE08004BFAE2 /* UIDevice+KCHardware.h */ = {isa = PBXFileReference; fileEncoding = 4; lastKnownFileType = sourcecode.c.h; path = "UIDevice+KCHardware.h"; sourceTree = "<group>"; };
		7EB5E26520CCAE08004BFAE2 /* UIColor+Addition.h */ = {isa = PBXFileReference; fileEncoding = 4; lastKnownFileType = sourcecode.c.h; path = "UIColor+Addition.h"; sourceTree = "<group>"; };
		7EB5E26620CCAE08004BFAE2 /* UIBarButtonItem+GFBarButtonItem.m */ = {isa = PBXFileReference; fileEncoding = 4; lastKnownFileType = sourcecode.c.objc; path = "UIBarButtonItem+GFBarButtonItem.m"; sourceTree = "<group>"; };
		7EB5E26720CCAE08004BFAE2 /* UIView+Addition.m */ = {isa = PBXFileReference; fileEncoding = 4; lastKnownFileType = sourcecode.c.objc; path = "UIView+Addition.m"; sourceTree = "<group>"; };
		7EB5E26820CCAE08004BFAE2 /* UIColor+Addition.m */ = {isa = PBXFileReference; fileEncoding = 4; lastKnownFileType = sourcecode.c.objc; path = "UIColor+Addition.m"; sourceTree = "<group>"; };
		7EB5E26920CCAE08004BFAE2 /* NSDate+Extension.m */ = {isa = PBXFileReference; fileEncoding = 4; lastKnownFileType = sourcecode.c.objc; path = "NSDate+Extension.m"; sourceTree = "<group>"; };
		7EB5E26A20CCAE08004BFAE2 /* UIView+Addition.h */ = {isa = PBXFileReference; fileEncoding = 4; lastKnownFileType = sourcecode.c.h; path = "UIView+Addition.h"; sourceTree = "<group>"; };
		7EB5E26B20CCAE08004BFAE2 /* UIButton+BgColorState.m */ = {isa = PBXFileReference; fileEncoding = 4; lastKnownFileType = sourcecode.c.objc; path = "UIButton+BgColorState.m"; sourceTree = "<group>"; };
		7EB5E26C20CCAE08004BFAE2 /* UIViewController+SLHUD.m */ = {isa = PBXFileReference; fileEncoding = 4; lastKnownFileType = sourcecode.c.objc; path = "UIViewController+SLHUD.m"; sourceTree = "<group>"; };
		7EB5E26D20CCAE08004BFAE2 /* NSDate+Extension.h */ = {isa = PBXFileReference; fileEncoding = 4; lastKnownFileType = sourcecode.c.h; path = "NSDate+Extension.h"; sourceTree = "<group>"; };
		7EB5E26E20CCAE09004BFAE2 /* UIViewController+SLHUD.h */ = {isa = PBXFileReference; fileEncoding = 4; lastKnownFileType = sourcecode.c.h; path = "UIViewController+SLHUD.h"; sourceTree = "<group>"; };
		7EB5E26F20CCAE09004BFAE2 /* UIButton+BgColorState.h */ = {isa = PBXFileReference; fileEncoding = 4; lastKnownFileType = sourcecode.c.h; path = "UIButton+BgColorState.h"; sourceTree = "<group>"; };
		7EB5E27A20CCB124004BFAE2 /* InformationVC.h */ = {isa = PBXFileReference; lastKnownFileType = sourcecode.c.h; path = InformationVC.h; sourceTree = "<group>"; };
		7EB5E27B20CCB124004BFAE2 /* InformationVC.m */ = {isa = PBXFileReference; lastKnownFileType = sourcecode.c.objc; path = InformationVC.m; sourceTree = "<group>"; };
		7EB5E27D20CCB13D004BFAE2 /* HomeVC.h */ = {isa = PBXFileReference; lastKnownFileType = sourcecode.c.h; path = HomeVC.h; sourceTree = "<group>"; };
		7EB5E27E20CCB13D004BFAE2 /* HomeVC.m */ = {isa = PBXFileReference; lastKnownFileType = sourcecode.c.objc; path = HomeVC.m; sourceTree = "<group>"; };
		7EB5E28020CCB151004BFAE2 /* MineVC.h */ = {isa = PBXFileReference; lastKnownFileType = sourcecode.c.h; path = MineVC.h; sourceTree = "<group>"; };
		7EB5E28120CCB151004BFAE2 /* MineVC.m */ = {isa = PBXFileReference; lastKnownFileType = sourcecode.c.objc; path = MineVC.m; sourceTree = "<group>"; };
		7EB5E28920CCB60A004BFAE2 /* RegisterVC.h */ = {isa = PBXFileReference; lastKnownFileType = sourcecode.c.h; path = RegisterVC.h; sourceTree = "<group>"; };
		7EB5E28A20CCB60A004BFAE2 /* RegisterVC.m */ = {isa = PBXFileReference; lastKnownFileType = sourcecode.c.objc; path = RegisterVC.m; sourceTree = "<group>"; };
		7EB5E28C20CCB61D004BFAE2 /* LoginVC.h */ = {isa = PBXFileReference; lastKnownFileType = sourcecode.c.h; path = LoginVC.h; sourceTree = "<group>"; };
		7EB5E28D20CCB61D004BFAE2 /* LoginVC.m */ = {isa = PBXFileReference; lastKnownFileType = sourcecode.c.objc; path = LoginVC.m; sourceTree = "<group>"; };
		7EB5E28F20CCB673004BFAE2 /* FindPwVC.h */ = {isa = PBXFileReference; lastKnownFileType = sourcecode.c.h; path = FindPwVC.h; sourceTree = "<group>"; };
		7EB5E29020CCB673004BFAE2 /* FindPwVC.m */ = {isa = PBXFileReference; lastKnownFileType = sourcecode.c.objc; path = FindPwVC.m; sourceTree = "<group>"; };
		7EB5E29620CD00F0004BFAE2 /* FSPageContentView.h */ = {isa = PBXFileReference; fileEncoding = 4; lastKnownFileType = sourcecode.c.h; path = FSPageContentView.h; sourceTree = "<group>"; };
		7EB5E29720CD00F0004BFAE2 /* FSPageContentView.m */ = {isa = PBXFileReference; fileEncoding = 4; lastKnownFileType = sourcecode.c.objc; path = FSPageContentView.m; sourceTree = "<group>"; };
		7EB5E29820CD00F0004BFAE2 /* FSScrollContentView.h */ = {isa = PBXFileReference; fileEncoding = 4; lastKnownFileType = sourcecode.c.h; path = FSScrollContentView.h; sourceTree = "<group>"; };
		7EB5E29920CD00F0004BFAE2 /* FSSegmentTitleView.h */ = {isa = PBXFileReference; fileEncoding = 4; lastKnownFileType = sourcecode.c.h; path = FSSegmentTitleView.h; sourceTree = "<group>"; };
		7EB5E29A20CD00F0004BFAE2 /* FSSegmentTitleView.m */ = {isa = PBXFileReference; fileEncoding = 4; lastKnownFileType = sourcecode.c.objc; path = FSSegmentTitleView.m; sourceTree = "<group>"; };
		7EB5E29D20CD01FF004BFAE2 /* FSBaseTableView.m */ = {isa = PBXFileReference; fileEncoding = 4; lastKnownFileType = sourcecode.c.objc; path = FSBaseTableView.m; sourceTree = "<group>"; };
		7EB5E29E20CD01FF004BFAE2 /* FSBaseTableView.h */ = {isa = PBXFileReference; fileEncoding = 4; lastKnownFileType = sourcecode.c.h; path = FSBaseTableView.h; sourceTree = "<group>"; };
		7EB5E2A020CD0545004BFAE2 /* FSBottomTableViewCell.h */ = {isa = PBXFileReference; fileEncoding = 4; lastKnownFileType = sourcecode.c.h; path = FSBottomTableViewCell.h; sourceTree = "<group>"; };
		7EB5E2A120CD0545004BFAE2 /* FSBottomTableViewCell.m */ = {isa = PBXFileReference; fileEncoding = 4; lastKnownFileType = sourcecode.c.objc; path = FSBottomTableViewCell.m; sourceTree = "<group>"; };
		7EB5E2A320CD057F004BFAE2 /* HomeSubVC.h */ = {isa = PBXFileReference; lastKnownFileType = sourcecode.c.h; path = HomeSubVC.h; sourceTree = "<group>"; };
		7EB5E2A420CD057F004BFAE2 /* HomeSubVC.m */ = {isa = PBXFileReference; lastKnownFileType = sourcecode.c.objc; path = HomeSubVC.m; sourceTree = "<group>"; };
		7EB5E2A920CD0696004BFAE2 /* GraphCell.h */ = {isa = PBXFileReference; lastKnownFileType = sourcecode.c.h; path = GraphCell.h; sourceTree = "<group>"; };
		7EB5E2AA20CD0696004BFAE2 /* GraphCell.m */ = {isa = PBXFileReference; lastKnownFileType = sourcecode.c.objc; path = GraphCell.m; sourceTree = "<group>"; };
		7EB5E2AC20CD0C82004BFAE2 /* IndexCellCell.h */ = {isa = PBXFileReference; lastKnownFileType = sourcecode.c.h; path = IndexCellCell.h; sourceTree = "<group>"; };
		7EB5E2AD20CD0C82004BFAE2 /* IndexCellCell.m */ = {isa = PBXFileReference; lastKnownFileType = sourcecode.c.objc; path = IndexCellCell.m; sourceTree = "<group>"; };
		7EB5E2AE20CD0C82004BFAE2 /* IndexCellCell.xib */ = {isa = PBXFileReference; lastKnownFileType = file.xib; path = IndexCellCell.xib; sourceTree = "<group>"; };
		7ED981BE20D00C6A00749D14 /* PersionDetailVC.h */ = {isa = PBXFileReference; lastKnownFileType = sourcecode.c.h; path = PersionDetailVC.h; sourceTree = "<group>"; };
		7ED981BF20D00C6A00749D14 /* PersionDetailVC.m */ = {isa = PBXFileReference; lastKnownFileType = sourcecode.c.objc; path = PersionDetailVC.m; sourceTree = "<group>"; };
		7EFBA34F20CC2F050059090B /* Fairy.app */ = {isa = PBXFileReference; explicitFileType = wrapper.application; includeInIndex = 0; path = Fairy.app; sourceTree = BUILT_PRODUCTS_DIR; };
		7EFBA35920CC2F050059090B /* Base */ = {isa = PBXFileReference; lastKnownFileType = file.storyboard; name = Base; path = Base.lproj/Main.storyboard; sourceTree = "<group>"; };
		7EFBA35B20CC2F050059090B /* Assets.xcassets */ = {isa = PBXFileReference; lastKnownFileType = folder.assetcatalog; path = Assets.xcassets; sourceTree = "<group>"; };
		7EFBA35E20CC2F050059090B /* Base */ = {isa = PBXFileReference; lastKnownFileType = file.storyboard; name = Base; path = Base.lproj/LaunchScreen.storyboard; sourceTree = "<group>"; };
		7EFBA36020CC2F050059090B /* Info.plist */ = {isa = PBXFileReference; lastKnownFileType = text.plist.xml; path = Info.plist; sourceTree = "<group>"; };
		7EFBA36120CC2F050059090B /* main.m */ = {isa = PBXFileReference; lastKnownFileType = sourcecode.c.objc; path = main.m; sourceTree = "<group>"; };
		FE3B6BC3057507CD425B9D57 /* Pods-Fairy.debug.xcconfig */ = {isa = PBXFileReference; includeInIndex = 1; lastKnownFileType = text.xcconfig; name = "Pods-Fairy.debug.xcconfig"; path = "Pods/Target Support Files/Pods-Fairy/Pods-Fairy.debug.xcconfig"; sourceTree = "<group>"; };
/* End PBXFileReference section */

/* Begin PBXFrameworksBuildPhase section */
		7EFBA34C20CC2F050059090B /* Frameworks */ = {
			isa = PBXFrameworksBuildPhase;
			buildActionMask = 2147483647;
			files = (
				E4454832EAD5360F49E317BF /* Pods_Fairy.framework in Frameworks */,
			);
			runOnlyForDeploymentPostprocessing = 0;
		};
/* End PBXFrameworksBuildPhase section */

/* Begin PBXGroup section */
		04204F8020CE4B9D007BD075 /* Price */ = {
			isa = PBXGroup;
			children = (
				04204F8120CE4B9D007BD075 /* Controller */,
				04204F8420CE4B9D007BD075 /* Model */,
				04204F8520CE4B9D007BD075 /* View */,
			);
			path = Price;
			sourceTree = "<group>";
		};
		04204F8120CE4B9D007BD075 /* Controller */ = {
			isa = PBXGroup;
			children = (
				04204F8220CE4B9D007BD075 /* PriceVC.h */,
				04204F8320CE4B9D007BD075 /* PriceVC.m */,
			);
			path = Controller;
			sourceTree = "<group>";
		};
		04204F8420CE4B9D007BD075 /* Model */ = {
			isa = PBXGroup;
			children = (
			);
			path = Model;
			sourceTree = "<group>";
		};
		04204F8520CE4B9D007BD075 /* View */ = {
			isa = PBXGroup;
			children = (
				04204F8620CE4B9D007BD075 /* PriceCell.h */,
				04204F8720CE4B9D007BD075 /* PriceCell.m */,
				04204F8820CE4B9D007BD075 /* PriceCell.xib */,
			);
			path = View;
			sourceTree = "<group>";
		};
		04204F8920CE4B9D007BD075 /* PriceDetailed */ = {
			isa = PBXGroup;
			children = (
				04204F8A20CE4B9D007BD075 /* Controller */,
				04204F8B20CE4B9D007BD075 /* Model */,
				04204F8C20CE4B9D007BD075 /* View */,
			);
			path = PriceDetailed;
			sourceTree = "<group>";
		};
		04204F8A20CE4B9D007BD075 /* Controller */ = {
			isa = PBXGroup;
			children = (
				04204F9020CE4BBD007BD075 /* PriceDetailedVC.h */,
				04204F9120CE4BBD007BD075 /* PriceDetailedVC.m */,
				04204F9820CE5C38007BD075 /* PriceDetailedSubVC.h */,
				04204F9920CE5C38007BD075 /* PriceDetailedSubVC.m */,
			);
			path = Controller;
			sourceTree = "<group>";
		};
		04204F8B20CE4B9D007BD075 /* Model */ = {
			isa = PBXGroup;
			children = (
			);
			path = Model;
			sourceTree = "<group>";
		};
		04204F8C20CE4B9D007BD075 /* View */ = {
			isa = PBXGroup;
			children = (
				04204FA120CE6E65007BD075 /* IndexView.h */,
				04204FA220CE6E65007BD075 /* IndexView.m */,
				04204FA420CE6E75007BD075 /* IndexView.xib */,
				04204F9E20CE63A6007BD075 /* BaseTypeView.h */,
				04204F9F20CE63A6007BD075 /* BaseTypeView.m */,
			);
			path = View;
			sourceTree = "<group>";
		};
		0445DBD020CFBCE1009BA6BF /* PriceTrend */ = {
			isa = PBXGroup;
			children = (
				0445DBD120CFBCE1009BA6BF /* Controller */,
				0445DBD220CFBCE1009BA6BF /* Model */,
				0445DBD320CFBCE1009BA6BF /* View */,
			);
			path = PriceTrend;
			sourceTree = "<group>";
		};
		0445DBD120CFBCE1009BA6BF /* Controller */ = {
			isa = PBXGroup;
			children = (
				0445DBD420CFBD70009BA6BF /* CurrencySelectVC.h */,
				0445DBD520CFBD70009BA6BF /* CurrencySelectVC.m */,
				0445DBD720CFCDF3009BA6BF /* TrendVC.h */,
				0445DBD820CFCDF3009BA6BF /* TrendVC.m */,
				0445DBDA20CFCE0C009BA6BF /* TrendSubVC.h */,
				0445DBDB20CFCE0C009BA6BF /* TrendSubVC.m */,
			);
			path = Controller;
			sourceTree = "<group>";
		};
		0445DBD220CFBCE1009BA6BF /* Model */ = {
			isa = PBXGroup;
			children = (
			);
			path = Model;
			sourceTree = "<group>";
		};
		0445DBD320CFBCE1009BA6BF /* View */ = {
			isa = PBXGroup;
			children = (
			);
			path = View;
			sourceTree = "<group>";
		};
		6F00CD3A85E747DC56B616D7 /* Pods */ = {
			isa = PBXGroup;
			children = (
				FE3B6BC3057507CD425B9D57 /* Pods-Fairy.debug.xcconfig */,
				35A4F6E128F056A68D1D2A7B /* Pods-Fairy.release.xcconfig */,
			);
			name = Pods;
			sourceTree = "<group>";
		};
		7EB5E23120CCAD40004BFAE2 /* Class */ = {
			isa = PBXGroup;
			children = (
				7EB5E23320CCAD40004BFAE2 /* MainClasses */,
				7EB5E23220CCAD40004BFAE2 /* Category */,
				7EB5E24F20CCAD40004BFAE2 /* ThirdParty */,
				7EB5E25020CCAD40004BFAE2 /* Tool */,
			);
			path = Class;
			sourceTree = "<group>";
		};
		7EB5E23220CCAD40004BFAE2 /* Category */ = {
			isa = PBXGroup;
			children = (
				7EB5E26D20CCAE08004BFAE2 /* NSDate+Extension.h */,
				7EB5E26920CCAE08004BFAE2 /* NSDate+Extension.m */,
				7EB5E26220CCAE08004BFAE2 /* UIBarButtonItem+GFBarButtonItem.h */,
				7EB5E26620CCAE08004BFAE2 /* UIBarButtonItem+GFBarButtonItem.m */,
				7EB5E26F20CCAE09004BFAE2 /* UIButton+BgColorState.h */,
				7EB5E26B20CCAE08004BFAE2 /* UIButton+BgColorState.m */,
				7EB5E26520CCAE08004BFAE2 /* UIColor+Addition.h */,
				7EB5E26820CCAE08004BFAE2 /* UIColor+Addition.m */,
				7EB5E26420CCAE08004BFAE2 /* UIDevice+KCHardware.h */,
				7EB5E26320CCAE08004BFAE2 /* UIDevice+KCHardware.m */,
				7EB5E26A20CCAE08004BFAE2 /* UIView+Addition.h */,
				7EB5E26720CCAE08004BFAE2 /* UIView+Addition.m */,
				7EB5E26E20CCAE09004BFAE2 /* UIViewController+SLHUD.h */,
				7EB5E26C20CCAE08004BFAE2 /* UIViewController+SLHUD.m */,
				04B218E220D11867000D661F /* UIView+BorderLine.h */,
				04B218E320D11867000D661F /* UIView+BorderLine.m */,
			);
			path = Category;
			sourceTree = "<group>";
		};
		7EB5E23320CCAD40004BFAE2 /* MainClasses */ = {
			isa = PBXGroup;
			children = (
				7EB5E23420CCAD40004BFAE2 /* Home */,
				7EB5E23820CCAD40004BFAE2 /* Information */,
				7EB5E23C20CCAD40004BFAE2 /* LoginRegister */,
				7EB5E24020CCAD40004BFAE2 /* Main */,
				7EB5E24720CCAD40004BFAE2 /* Mine */,
				7EB5E24B20CCAD40004BFAE2 /* Price */,
			);
			path = MainClasses;
			sourceTree = "<group>";
		};
		7EB5E23420CCAD40004BFAE2 /* Home */ = {
			isa = PBXGroup;
			children = (
				7EB5E23520CCAD40004BFAE2 /* Controller */,
				7EB5E23620CCAD40004BFAE2 /* Model */,
				7EB5E23720CCAD40004BFAE2 /* View */,
			);
			path = Home;
			sourceTree = "<group>";
		};
		7EB5E23520CCAD40004BFAE2 /* Controller */ = {
			isa = PBXGroup;
			children = (
				7EB5E27D20CCB13D004BFAE2 /* HomeVC.h */,
				7EB5E27E20CCB13D004BFAE2 /* HomeVC.m */,
				7EB5E29E20CD01FF004BFAE2 /* FSBaseTableView.h */,
				7EB5E29D20CD01FF004BFAE2 /* FSBaseTableView.m */,
				7EB5E2A320CD057F004BFAE2 /* HomeSubVC.h */,
				7EB5E2A420CD057F004BFAE2 /* HomeSubVC.m */,
			);
			path = Controller;
			sourceTree = "<group>";
		};
		7EB5E23620CCAD40004BFAE2 /* Model */ = {
			isa = PBXGroup;
			children = (
			);
			path = Model;
			sourceTree = "<group>";
		};
		7EB5E23720CCAD40004BFAE2 /* View */ = {
			isa = PBXGroup;
			children = (
				7EB5E2A020CD0545004BFAE2 /* FSBottomTableViewCell.h */,
				7EB5E2A120CD0545004BFAE2 /* FSBottomTableViewCell.m */,
				7EB3210820CEC4A50093DBAB /* SSSearchBar.h */,
				7EB3210920CEC4A50093DBAB /* SSSearchBar.m */,
				7EB5E2AC20CD0C82004BFAE2 /* IndexCellCell.h */,
				7EB5E2AD20CD0C82004BFAE2 /* IndexCellCell.m */,
				7EB5E2AE20CD0C82004BFAE2 /* IndexCellCell.xib */,
				7EB5E2A920CD0696004BFAE2 /* GraphCell.h */,
				7EB5E2AA20CD0696004BFAE2 /* GraphCell.m */,
				04204F7C20CE3F78007BD075 /* BezierCurveView.h */,
				04204F7D20CE3F78007BD075 /* BezierCurveView.m */,
				04204F7B20CE3F78007BD075 /* BezierCurveView.xib */,
			);
			path = View;
			sourceTree = "<group>";
		};
		7EB5E23820CCAD40004BFAE2 /* Information */ = {
			isa = PBXGroup;
			children = (
				7EB5E23920CCAD40004BFAE2 /* Controller */,
				7EB5E23A20CCAD40004BFAE2 /* Model */,
				7EB5E23B20CCAD40004BFAE2 /* View */,
			);
			path = Information;
			sourceTree = "<group>";
		};
		7EB5E23920CCAD40004BFAE2 /* Controller */ = {
			isa = PBXGroup;
			children = (
				7EB5E27A20CCB124004BFAE2 /* InformationVC.h */,
				7EB5E27B20CCB124004BFAE2 /* InformationVC.m */,
				0445DBC520CFA618009BA6BF /* InformationSubVC.h */,
				0445DBC620CFA618009BA6BF /* InformationSubVC.m */,
			);
			path = Controller;
			sourceTree = "<group>";
		};
		7EB5E23A20CCAD40004BFAE2 /* Model */ = {
			isa = PBXGroup;
			children = (
			);
			path = Model;
			sourceTree = "<group>";
		};
		7EB5E23B20CCAD40004BFAE2 /* View */ = {
			isa = PBXGroup;
			children = (
				0445DBCB20CFA9AD009BA6BF /* InformationCell.h */,
				0445DBCC20CFA9AD009BA6BF /* InformationCell.m */,
				0445DBCD20CFA9AD009BA6BF /* InformationCell.xib */,
			);
			path = View;
			sourceTree = "<group>";
		};
		7EB5E23C20CCAD40004BFAE2 /* LoginRegister */ = {
			isa = PBXGroup;
			children = (
				7EB5E23D20CCAD40004BFAE2 /* Controller */,
				7EB5E23E20CCAD40004BFAE2 /* Model */,
				7EB5E23F20CCAD40004BFAE2 /* View */,
			);
			path = LoginRegister;
			sourceTree = "<group>";
		};
		7EB5E23D20CCAD40004BFAE2 /* Controller */ = {
			isa = PBXGroup;
			children = (
				7EB5E28C20CCB61D004BFAE2 /* LoginVC.h */,
				7EB5E28D20CCB61D004BFAE2 /* LoginVC.m */,
				7EB5E28920CCB60A004BFAE2 /* RegisterVC.h */,
				7EB5E28A20CCB60A004BFAE2 /* RegisterVC.m */,
				7EB5E28F20CCB673004BFAE2 /* FindPwVC.h */,
				7EB5E29020CCB673004BFAE2 /* FindPwVC.m */,
			);
			path = Controller;
			sourceTree = "<group>";
		};
		7EB5E23E20CCAD40004BFAE2 /* Model */ = {
			isa = PBXGroup;
			children = (
				0469DFC520D26AF60096C35C /* PhoneZhuCeModel.h */,
				0469DFC620D26AF60096C35C /* PhoneZhuCeModel.m */,
			);
			path = Model;
			sourceTree = "<group>";
		};
		7EB5E23F20CCAD40004BFAE2 /* View */ = {
			isa = PBXGroup;
			children = (
			);
			path = View;
			sourceTree = "<group>";
		};
		7EB5E24020CCAD40004BFAE2 /* Main */ = {
			isa = PBXGroup;
			children = (
				7EB5E24120CCAD40004BFAE2 /* AppDelegate.h */,
				7EB5E24220CCAD40004BFAE2 /* AppDelegate.m */,
				7EB5E24320CCAD40004BFAE2 /* MainNavigationController.h */,
				7EB5E24420CCAD40004BFAE2 /* MainNavigationController.m */,
				7EB5E24520CCAD40004BFAE2 /* MainTabBarController.h */,
				7EB5E24620CCAD40004BFAE2 /* MainTabBarController.m */,
			);
			path = Main;
			sourceTree = "<group>";
		};
		7EB5E24720CCAD40004BFAE2 /* Mine */ = {
			isa = PBXGroup;
			children = (
				7EB5E24820CCAD40004BFAE2 /* Controller */,
				7EB5E24920CCAD40004BFAE2 /* Model */,
				7EB5E24A20CCAD40004BFAE2 /* View */,
			);
			path = Mine;
			sourceTree = "<group>";
		};
		7EB5E24820CCAD40004BFAE2 /* Controller */ = {
			isa = PBXGroup;
			children = (
				7EB5E28020CCB151004BFAE2 /* MineVC.h */,
				7EB5E28120CCB151004BFAE2 /* MineVC.m */,
				7ED981BE20D00C6A00749D14 /* PersionDetailVC.h */,
				7ED981BF20D00C6A00749D14 /* PersionDetailVC.m */,
				0406C66920D0C21F008F6A26 /* PriceCenterVC.h */,
				0406C66A20D0C21F008F6A26 /* PriceCenterVC.m */,
				0406C66C20D0C709008F6A26 /* WarnCenterVC.h */,
				0406C66D20D0C709008F6A26 /* WarnCenterVC.m */,
				04B218D320D1047B000D661F /* MemberVC.h */,
				04B218D420D1047B000D661F /* MemberVC.m */,
				04B218D620D106FD000D661F /* GeneralVC.h */,
				04B218D720D106FD000D661F /* GeneralVC.m */,
				04B218D920D10B8F000D661F /* ShareVC.h */,
				04B218DA20D10B8F000D661F /* ShareVC.m */,
			);
			path = Controller;
			sourceTree = "<group>";
		};
		7EB5E24920CCAD40004BFAE2 /* Model */ = {
			isa = PBXGroup;
			children = (
			);
			path = Model;
			sourceTree = "<group>";
		};
		7EB5E24A20CCAD40004BFAE2 /* View */ = {
			isa = PBXGroup;
			children = (
				0445DBDD20CFD277009BA6BF /* HeadCell.h */,
				0445DBDE20CFD277009BA6BF /* HeadCell.m */,
				0445DBDF20CFD277009BA6BF /* HeadCell.xib */,
				0445DBE220CFD550009BA6BF /* SettingCell.h */,
				0445DBE320CFD550009BA6BF /* SettingCell.m */,
				0445DBE420CFD550009BA6BF /* SettingCell.xib */,
				0406C65F20D0B147008F6A26 /* PhotoSetCell.h */,
				0406C66020D0B147008F6A26 /* PhotoSetCell.m */,
				0406C66120D0B147008F6A26 /* PhotoSetCell.xib */,
				0406C66420D0BAE7008F6A26 /* MessageCell.h */,
				0406C66520D0BAE7008F6A26 /* MessageCell.m */,
				0406C66620D0BAE7008F6A26 /* MessageCell.xib */,
				04B218DC20D10CCE000D661F /* shareBtn.h */,
				04B218DD20D10CCE000D661F /* shareBtn.m */,
			);
			path = View;
			sourceTree = "<group>";
		};
		7EB5E24B20CCAD40004BFAE2 /* Price */ = {
			isa = PBXGroup;
			children = (
				04204F8020CE4B9D007BD075 /* Price */,
				0445DBD020CFBCE1009BA6BF /* PriceTrend */,
				04204F8920CE4B9D007BD075 /* PriceDetailed */,
			);
			path = Price;
			sourceTree = "<group>";
		};
		7EB5E24F20CCAD40004BFAE2 /* ThirdParty */ = {
			isa = PBXGroup;
			children = (
				7EB5E29520CD00F0004BFAE2 /* FSScrollContentViewLib */,
				7EB5E25B20CCADFC004BFAE2 /* MonitorNetwork */,
			);
			path = ThirdParty;
			sourceTree = "<group>";
		};
		7EB5E25020CCAD40004BFAE2 /* Tool */ = {
			isa = PBXGroup;
			children = (
				7EB5E25620CCADF2004BFAE2 /* HTTPRequestDefine.h */,
				7EB5E25520CCADF2004BFAE2 /* NetworkManage.h */,
				7EB5E25420CCADF2004BFAE2 /* NetworkManage.m */,
				7EB5E25720CCADF2004BFAE2 /* Tool.h */,
				7EB5E25820CCADF2004BFAE2 /* Tool.m */,
			);
			path = Tool;
			sourceTree = "<group>";
		};
		7EB5E25B20CCADFC004BFAE2 /* MonitorNetwork */ = {
			isa = PBXGroup;
			children = (
				7EB5E25C20CCADFC004BFAE2 /* MonitorNetwork.h */,
				7EB5E25D20CCADFC004BFAE2 /* MonitorNetwork.m */,
				7EB5E25E20CCADFC004BFAE2 /* Reachability.h */,
				7EB5E25F20CCADFC004BFAE2 /* Reachability.m */,
			);
			path = MonitorNetwork;
			sourceTree = "<group>";
		};
		7EB5E29520CD00F0004BFAE2 /* FSScrollContentViewLib */ = {
			isa = PBXGroup;
			children = (
				7EB5E29620CD00F0004BFAE2 /* FSPageContentView.h */,
				7EB5E29720CD00F0004BFAE2 /* FSPageContentView.m */,
				7EB5E29820CD00F0004BFAE2 /* FSScrollContentView.h */,
				7EB5E29920CD00F0004BFAE2 /* FSSegmentTitleView.h */,
				7EB5E29A20CD00F0004BFAE2 /* FSSegmentTitleView.m */,
			);
			path = FSScrollContentViewLib;
			sourceTree = "<group>";
		};
		7EFBA34620CC2F050059090B = {
			isa = PBXGroup;
			children = (
				7EFBA35120CC2F050059090B /* Fairy */,
				7EFBA35020CC2F050059090B /* Products */,
				6F00CD3A85E747DC56B616D7 /* Pods */,
				B8C1306DAC78670BF661FB58 /* Frameworks */,
			);
			sourceTree = "<group>";
			wrapsLines = 1;
		};
		7EFBA35020CC2F050059090B /* Products */ = {
			isa = PBXGroup;
			children = (
				7EFBA34F20CC2F050059090B /* Fairy.app */,
			);
			name = Products;
			sourceTree = "<group>";
		};
		7EFBA35120CC2F050059090B /* Fairy */ = {
			isa = PBXGroup;
			children = (
				7EB5E23120CCAD40004BFAE2 /* Class */,
				7EFBA35820CC2F050059090B /* Main.storyboard */,
				7EFBA35B20CC2F050059090B /* Assets.xcassets */,
				7EFBA35D20CC2F050059090B /* LaunchScreen.storyboard */,
				7EFBA36020CC2F050059090B /* Info.plist */,
				7EB5E21120CCA6FF004BFAE2 /* PrefixHeader.pch */,
				7EFBA36120CC2F050059090B /* main.m */,
			);
			path = Fairy;
			sourceTree = "<group>";
		};
		B8C1306DAC78670BF661FB58 /* Frameworks */ = {
			isa = PBXGroup;
			children = (
				78493D73EEE62E43218BE701 /* Pods_Fairy.framework */,
			);
			name = Frameworks;
			sourceTree = "<group>";
		};
/* End PBXGroup section */

/* Begin PBXNativeTarget section */
		7EFBA34E20CC2F050059090B /* Fairy */ = {
			isa = PBXNativeTarget;
			buildConfigurationList = 7EFBA36520CC2F050059090B /* Build configuration list for PBXNativeTarget "Fairy" */;
			buildPhases = (
				EC99A4DD979A0F24DB82111C /* [CP] Check Pods Manifest.lock */,
				7EFBA34B20CC2F050059090B /* Sources */,
				7EFBA34C20CC2F050059090B /* Frameworks */,
				7EFBA34D20CC2F050059090B /* Resources */,
				A75325F5DCB06E649D934103 /* [CP] Embed Pods Frameworks */,
				B2DDACFFE5D58EFBE3DE5A64 /* [CP] Copy Pods Resources */,
			);
			buildRules = (
			);
			dependencies = (
			);
			name = Fairy;
			productName = Fairy;
			productReference = 7EFBA34F20CC2F050059090B /* Fairy.app */;
			productType = "com.apple.product-type.application";
		};
/* End PBXNativeTarget section */

/* Begin PBXProject section */
		7EFBA34720CC2F050059090B /* Project object */ = {
			isa = PBXProject;
			attributes = {
				LastUpgradeCheck = 0910;
				ORGANIZATIONNAME = "张恒";
				TargetAttributes = {
					7EFBA34E20CC2F050059090B = {
						CreatedOnToolsVersion = 9.1;
						ProvisioningStyle = Automatic;
					};
				};
			};
			buildConfigurationList = 7EFBA34A20CC2F050059090B /* Build configuration list for PBXProject "Fairy" */;
			compatibilityVersion = "Xcode 8.0";
			developmentRegion = en;
			hasScannedForEncodings = 0;
			knownRegions = (
				en,
				Base,
			);
			mainGroup = 7EFBA34620CC2F050059090B;
			productRefGroup = 7EFBA35020CC2F050059090B /* Products */;
			projectDirPath = "";
			projectRoot = "";
			targets = (
				7EFBA34E20CC2F050059090B /* Fairy */,
			);
		};
/* End PBXProject section */

/* Begin PBXResourcesBuildPhase section */
		7EFBA34D20CC2F050059090B /* Resources */ = {
			isa = PBXResourcesBuildPhase;
			buildActionMask = 2147483647;
			files = (
				0445DBE120CFD277009BA6BF /* HeadCell.xib in Resources */,
				7EFBA35F20CC2F050059090B /* LaunchScreen.storyboard in Resources */,
				04204F7E20CE3F78007BD075 /* BezierCurveView.xib in Resources */,
				0406C66820D0BAE7008F6A26 /* MessageCell.xib in Resources */,
				0445DBCF20CFA9AD009BA6BF /* InformationCell.xib in Resources */,
				7EFBA35C20CC2F050059090B /* Assets.xcassets in Resources */,
				7EB5E2B020CD0C82004BFAE2 /* IndexCellCell.xib in Resources */,
				0445DBE620CFD550009BA6BF /* SettingCell.xib in Resources */,
				7EFBA35A20CC2F050059090B /* Main.storyboard in Resources */,
				04204F8F20CE4B9D007BD075 /* PriceCell.xib in Resources */,
				04204FA520CE6E75007BD075 /* IndexView.xib in Resources */,
				0406C66320D0B147008F6A26 /* PhotoSetCell.xib in Resources */,
			);
			runOnlyForDeploymentPostprocessing = 0;
		};
/* End PBXResourcesBuildPhase section */

/* Begin PBXShellScriptBuildPhase section */
		A75325F5DCB06E649D934103 /* [CP] Embed Pods Frameworks */ = {
			isa = PBXShellScriptBuildPhase;
			buildActionMask = 2147483647;
			files = (
			);
			inputPaths = (
				"${SRCROOT}/Pods/Target Support Files/Pods-Fairy/Pods-Fairy-frameworks.sh",
				"${BUILT_PRODUCTS_DIR}/AFNetworking/AFNetworking.framework",
				"${BUILT_PRODUCTS_DIR}/IQKeyboardManager/IQKeyboardManager.framework",
				"${BUILT_PRODUCTS_DIR}/MBProgressHUD/MBProgressHUD.framework",
				"${BUILT_PRODUCTS_DIR}/MJExtension/MJExtension.framework",
				"${BUILT_PRODUCTS_DIR}/MJRefresh/MJRefresh.framework",
				"${BUILT_PRODUCTS_DIR}/Masonry/Masonry.framework",
				"${BUILT_PRODUCTS_DIR}/SDWebImage/SDWebImage.framework",
				"${BUILT_PRODUCTS_DIR}/SVProgressHUD/SVProgressHUD.framework",
				"${BUILT_PRODUCTS_DIR}/TYPagerController/TYPagerController.framework",
			);
			name = "[CP] Embed Pods Frameworks";
			outputPaths = (
				"${TARGET_BUILD_DIR}/${FRAMEWORKS_FOLDER_PATH}/AFNetworking.framework",
				"${TARGET_BUILD_DIR}/${FRAMEWORKS_FOLDER_PATH}/IQKeyboardManager.framework",
				"${TARGET_BUILD_DIR}/${FRAMEWORKS_FOLDER_PATH}/MBProgressHUD.framework",
				"${TARGET_BUILD_DIR}/${FRAMEWORKS_FOLDER_PATH}/MJExtension.framework",
				"${TARGET_BUILD_DIR}/${FRAMEWORKS_FOLDER_PATH}/MJRefresh.framework",
				"${TARGET_BUILD_DIR}/${FRAMEWORKS_FOLDER_PATH}/Masonry.framework",
				"${TARGET_BUILD_DIR}/${FRAMEWORKS_FOLDER_PATH}/SDWebImage.framework",
				"${TARGET_BUILD_DIR}/${FRAMEWORKS_FOLDER_PATH}/SVProgressHUD.framework",
				"${TARGET_BUILD_DIR}/${FRAMEWORKS_FOLDER_PATH}/TYPagerController.framework",
			);
			runOnlyForDeploymentPostprocessing = 0;
			shellPath = /bin/sh;
			shellScript = "\"${SRCROOT}/Pods/Target Support Files/Pods-Fairy/Pods-Fairy-frameworks.sh\"\n";
			showEnvVarsInLog = 0;
		};
		B2DDACFFE5D58EFBE3DE5A64 /* [CP] Copy Pods Resources */ = {
			isa = PBXShellScriptBuildPhase;
			buildActionMask = 2147483647;
			files = (
			);
			inputPaths = (
			);
			name = "[CP] Copy Pods Resources";
			outputPaths = (
			);
			runOnlyForDeploymentPostprocessing = 0;
			shellPath = /bin/sh;
			shellScript = "\"${SRCROOT}/Pods/Target Support Files/Pods-Fairy/Pods-Fairy-resources.sh\"\n";
			showEnvVarsInLog = 0;
		};
		EC99A4DD979A0F24DB82111C /* [CP] Check Pods Manifest.lock */ = {
			isa = PBXShellScriptBuildPhase;
			buildActionMask = 2147483647;
			files = (
			);
			inputPaths = (
				"${PODS_PODFILE_DIR_PATH}/Podfile.lock",
				"${PODS_ROOT}/Manifest.lock",
			);
			name = "[CP] Check Pods Manifest.lock";
			outputPaths = (
				"$(DERIVED_FILE_DIR)/Pods-Fairy-checkManifestLockResult.txt",
			);
			runOnlyForDeploymentPostprocessing = 0;
			shellPath = /bin/sh;
			shellScript = "diff \"${PODS_PODFILE_DIR_PATH}/Podfile.lock\" \"${PODS_ROOT}/Manifest.lock\" > /dev/null\nif [ $? != 0 ] ; then\n    # print error to STDERR\n    echo \"error: The sandbox is not in sync with the Podfile.lock. Run 'pod install' or update your CocoaPods installation.\" >&2\n    exit 1\nfi\n# This output is used by Xcode 'outputs' to avoid re-running this script phase.\necho \"SUCCESS\" > \"${SCRIPT_OUTPUT_FILE_0}\"\n";
			showEnvVarsInLog = 0;
		};
/* End PBXShellScriptBuildPhase section */

/* Begin PBXSourcesBuildPhase section */
		7EFBA34B20CC2F050059090B /* Sources */ = {
			isa = PBXSourcesBuildPhase;
			buildActionMask = 2147483647;
			files = (
				04204F8E20CE4B9D007BD075 /* PriceCell.m in Sources */,
				7EB5E27220CCAE09004BFAE2 /* UIView+Addition.m in Sources */,
				0445DBD920CFCDF3009BA6BF /* TrendVC.m in Sources */,
				7EB5E25120CCAD40004BFAE2 /* AppDelegate.m in Sources */,
				7EB5E2A520CD057F004BFAE2 /* HomeSubVC.m in Sources */,
				7EB5E29B20CD00F0004BFAE2 /* FSPageContentView.m in Sources */,
				04204F7F20CE3F78007BD075 /* BezierCurveView.m in Sources */,
				0406C66B20D0C21F008F6A26 /* PriceCenterVC.m in Sources */,
				0445DBCE20CFA9AD009BA6BF /* InformationCell.m in Sources */,
				7EB5E2A220CD0545004BFAE2 /* FSBottomTableViewCell.m in Sources */,
				7EB5E2AB20CD0696004BFAE2 /* GraphCell.m in Sources */,
				0445DBD620CFBD70009BA6BF /* CurrencySelectVC.m in Sources */,
				0406C66220D0B147008F6A26 /* PhotoSetCell.m in Sources */,
				7EB5E26020CCADFC004BFAE2 /* MonitorNetwork.m in Sources */,
				04B218D520D1047B000D661F /* MemberVC.m in Sources */,
				7EB5E2AF20CD0C82004BFAE2 /* IndexCellCell.m in Sources */,
				7EB5E28220CCB151004BFAE2 /* MineVC.m in Sources */,
				7EB5E28E20CCB61D004BFAE2 /* LoginVC.m in Sources */,
				7EB5E27020CCAE09004BFAE2 /* UIDevice+KCHardware.m in Sources */,
				7EB5E27520CCAE09004BFAE2 /* UIButton+BgColorState.m in Sources */,
				7ED981C020D00C6A00749D14 /* PersionDetailVC.m in Sources */,
				7EB5E29C20CD00F0004BFAE2 /* FSSegmentTitleView.m in Sources */,
				7EB5E26120CCADFC004BFAE2 /* Reachability.m in Sources */,
				0406C66E20D0C709008F6A26 /* WarnCenterVC.m in Sources */,
				04204FA020CE63A6007BD075 /* BaseTypeView.m in Sources */,
				7EB5E28B20CCB60A004BFAE2 /* RegisterVC.m in Sources */,
				7EFBA36220CC2F050059090B /* main.m in Sources */,
				7EB5E25320CCAD40004BFAE2 /* MainTabBarController.m in Sources */,
				0469DFC720D26AF60096C35C /* PhoneZhuCeModel.m in Sources */,
				04B218E420D11867000D661F /* UIView+BorderLine.m in Sources */,
				04204F8D20CE4B9D007BD075 /* PriceVC.m in Sources */,
				04204F9220CE4BBD007BD075 /* PriceDetailedVC.m in Sources */,
				0445DBDC20CFCE0C009BA6BF /* TrendSubVC.m in Sources */,
				7EB5E25A20CCADF2004BFAE2 /* Tool.m in Sources */,
				04B218DB20D10B8F000D661F /* ShareVC.m in Sources */,
				7EB5E25220CCAD40004BFAE2 /* MainNavigationController.m in Sources */,
				7EB5E29120CCB673004BFAE2 /* FindPwVC.m in Sources */,
				7EB5E27C20CCB124004BFAE2 /* InformationVC.m in Sources */,
				04B218DE20D10CCE000D661F /* shareBtn.m in Sources */,
				0406C66720D0BAE7008F6A26 /* MessageCell.m in Sources */,
				7EB5E27320CCAE09004BFAE2 /* UIColor+Addition.m in Sources */,
				7EB5E27120CCAE09004BFAE2 /* UIBarButtonItem+GFBarButtonItem.m in Sources */,
				04204FA320CE6E65007BD075 /* IndexView.m in Sources */,
				7EB5E27F20CCB13D004BFAE2 /* HomeVC.m in Sources */,
				7EB3210A20CEC4A50093DBAB /* SSSearchBar.m in Sources */,
				0445DBC720CFA618009BA6BF /* InformationSubVC.m in Sources */,
				7EB5E27420CCAE09004BFAE2 /* NSDate+Extension.m in Sources */,
				7EB5E27620CCAE09004BFAE2 /* UIViewController+SLHUD.m in Sources */,
				7EB5E25920CCADF2004BFAE2 /* NetworkManage.m in Sources */,
				7EB5E29F20CD01FF004BFAE2 /* FSBaseTableView.m in Sources */,
				04B218D820D106FD000D661F /* GeneralVC.m in Sources */,
				04204F9A20CE5C38007BD075 /* PriceDetailedSubVC.m in Sources */,
				0445DBE520CFD550009BA6BF /* SettingCell.m in Sources */,
				0445DBE020CFD277009BA6BF /* HeadCell.m in Sources */,
			);
			runOnlyForDeploymentPostprocessing = 0;
		};
/* End PBXSourcesBuildPhase section */

/* Begin PBXVariantGroup section */
		7EFBA35820CC2F050059090B /* Main.storyboard */ = {
			isa = PBXVariantGroup;
			children = (
				7EFBA35920CC2F050059090B /* Base */,
			);
			name = Main.storyboard;
			sourceTree = "<group>";
		};
		7EFBA35D20CC2F050059090B /* LaunchScreen.storyboard */ = {
			isa = PBXVariantGroup;
			children = (
				7EFBA35E20CC2F050059090B /* Base */,
			);
			name = LaunchScreen.storyboard;
			sourceTree = "<group>";
		};
/* End PBXVariantGroup section */

/* Begin XCBuildConfiguration section */
		7EFBA36320CC2F050059090B /* Debug */ = {
			isa = XCBuildConfiguration;
			buildSettings = {
				ALWAYS_SEARCH_USER_PATHS = NO;
				CLANG_ANALYZER_NONNULL = YES;
				CLANG_ANALYZER_NUMBER_OBJECT_CONVERSION = YES_AGGRESSIVE;
				CLANG_CXX_LANGUAGE_STANDARD = "gnu++14";
				CLANG_CXX_LIBRARY = "libc++";
				CLANG_ENABLE_MODULES = YES;
				CLANG_ENABLE_OBJC_ARC = YES;
				CLANG_WARN_BLOCK_CAPTURE_AUTORELEASING = YES;
				CLANG_WARN_BOOL_CONVERSION = YES;
				CLANG_WARN_COMMA = YES;
				CLANG_WARN_CONSTANT_CONVERSION = YES;
				CLANG_WARN_DIRECT_OBJC_ISA_USAGE = YES_ERROR;
				CLANG_WARN_DOCUMENTATION_COMMENTS = YES;
				CLANG_WARN_EMPTY_BODY = YES;
				CLANG_WARN_ENUM_CONVERSION = YES;
				CLANG_WARN_INFINITE_RECURSION = YES;
				CLANG_WARN_INT_CONVERSION = YES;
				CLANG_WARN_NON_LITERAL_NULL_CONVERSION = YES;
				CLANG_WARN_OBJC_LITERAL_CONVERSION = YES;
				CLANG_WARN_OBJC_ROOT_CLASS = YES_ERROR;
				CLANG_WARN_RANGE_LOOP_ANALYSIS = YES;
				CLANG_WARN_STRICT_PROTOTYPES = YES;
				CLANG_WARN_SUSPICIOUS_MOVE = YES;
				CLANG_WARN_UNGUARDED_AVAILABILITY = YES_AGGRESSIVE;
				CLANG_WARN_UNREACHABLE_CODE = YES;
				CLANG_WARN__DUPLICATE_METHOD_MATCH = YES;
				CODE_SIGN_IDENTITY = "iPhone Developer";
				COPY_PHASE_STRIP = NO;
				DEBUG_INFORMATION_FORMAT = dwarf;
				ENABLE_STRICT_OBJC_MSGSEND = YES;
				ENABLE_TESTABILITY = YES;
				GCC_C_LANGUAGE_STANDARD = gnu11;
				GCC_DYNAMIC_NO_PIC = NO;
				GCC_NO_COMMON_BLOCKS = YES;
				GCC_OPTIMIZATION_LEVEL = 0;
				GCC_PREPROCESSOR_DEFINITIONS = (
					"DEBUG=1",
					"$(inherited)",
				);
				GCC_WARN_64_TO_32_BIT_CONVERSION = YES;
				GCC_WARN_ABOUT_RETURN_TYPE = YES_ERROR;
				GCC_WARN_UNDECLARED_SELECTOR = YES;
				GCC_WARN_UNINITIALIZED_AUTOS = YES_AGGRESSIVE;
				GCC_WARN_UNUSED_FUNCTION = YES;
				GCC_WARN_UNUSED_VARIABLE = YES;
				IPHONEOS_DEPLOYMENT_TARGET = 11.1;
				MTL_ENABLE_DEBUG_INFO = YES;
				ONLY_ACTIVE_ARCH = YES;
				SDKROOT = iphoneos;
			};
			name = Debug;
		};
		7EFBA36420CC2F050059090B /* Release */ = {
			isa = XCBuildConfiguration;
			buildSettings = {
				ALWAYS_SEARCH_USER_PATHS = NO;
				CLANG_ANALYZER_NONNULL = YES;
				CLANG_ANALYZER_NUMBER_OBJECT_CONVERSION = YES_AGGRESSIVE;
				CLANG_CXX_LANGUAGE_STANDARD = "gnu++14";
				CLANG_CXX_LIBRARY = "libc++";
				CLANG_ENABLE_MODULES = YES;
				CLANG_ENABLE_OBJC_ARC = YES;
				CLANG_WARN_BLOCK_CAPTURE_AUTORELEASING = YES;
				CLANG_WARN_BOOL_CONVERSION = YES;
				CLANG_WARN_COMMA = YES;
				CLANG_WARN_CONSTANT_CONVERSION = YES;
				CLANG_WARN_DIRECT_OBJC_ISA_USAGE = YES_ERROR;
				CLANG_WARN_DOCUMENTATION_COMMENTS = YES;
				CLANG_WARN_EMPTY_BODY = YES;
				CLANG_WARN_ENUM_CONVERSION = YES;
				CLANG_WARN_INFINITE_RECURSION = YES;
				CLANG_WARN_INT_CONVERSION = YES;
				CLANG_WARN_NON_LITERAL_NULL_CONVERSION = YES;
				CLANG_WARN_OBJC_LITERAL_CONVERSION = YES;
				CLANG_WARN_OBJC_ROOT_CLASS = YES_ERROR;
				CLANG_WARN_RANGE_LOOP_ANALYSIS = YES;
				CLANG_WARN_STRICT_PROTOTYPES = YES;
				CLANG_WARN_SUSPICIOUS_MOVE = YES;
				CLANG_WARN_UNGUARDED_AVAILABILITY = YES_AGGRESSIVE;
				CLANG_WARN_UNREACHABLE_CODE = YES;
				CLANG_WARN__DUPLICATE_METHOD_MATCH = YES;
				CODE_SIGN_IDENTITY = "iPhone Developer";
				COPY_PHASE_STRIP = NO;
				DEBUG_INFORMATION_FORMAT = "dwarf-with-dsym";
				ENABLE_NS_ASSERTIONS = NO;
				ENABLE_STRICT_OBJC_MSGSEND = YES;
				GCC_C_LANGUAGE_STANDARD = gnu11;
				GCC_NO_COMMON_BLOCKS = YES;
				GCC_WARN_64_TO_32_BIT_CONVERSION = YES;
				GCC_WARN_ABOUT_RETURN_TYPE = YES_ERROR;
				GCC_WARN_UNDECLARED_SELECTOR = YES;
				GCC_WARN_UNINITIALIZED_AUTOS = YES_AGGRESSIVE;
				GCC_WARN_UNUSED_FUNCTION = YES;
				GCC_WARN_UNUSED_VARIABLE = YES;
				IPHONEOS_DEPLOYMENT_TARGET = 11.1;
				MTL_ENABLE_DEBUG_INFO = NO;
				SDKROOT = iphoneos;
				VALIDATE_PRODUCT = YES;
			};
			name = Release;
		};
		7EFBA36620CC2F050059090B /* Debug */ = {
			isa = XCBuildConfiguration;
			baseConfigurationReference = FE3B6BC3057507CD425B9D57 /* Pods-Fairy.debug.xcconfig */;
			buildSettings = {
				ASSETCATALOG_COMPILER_APPICON_NAME = AppIcon;
				CODE_SIGN_STYLE = Automatic;
				GCC_PREFIX_HEADER = "$(SRCROOT)/Fairy/PrefixHeader.pch";
				INFOPLIST_FILE = Fairy/Info.plist;
				IPHONEOS_DEPLOYMENT_TARGET = 8.0;
				LD_RUNPATH_SEARCH_PATHS = "$(inherited) @executable_path/Frameworks";
				PRODUCT_BUNDLE_IDENTIFIER = "-23.Fairy";
				PRODUCT_NAME = "$(TARGET_NAME)";
				TARGETED_DEVICE_FAMILY = 1;
			};
			name = Debug;
		};
		7EFBA36720CC2F050059090B /* Release */ = {
			isa = XCBuildConfiguration;
			baseConfigurationReference = 35A4F6E128F056A68D1D2A7B /* Pods-Fairy.release.xcconfig */;
			buildSettings = {
				ASSETCATALOG_COMPILER_APPICON_NAME = AppIcon;
				CODE_SIGN_STYLE = Automatic;
				GCC_PREFIX_HEADER = "$(SRCROOT)/Fairy/PrefixHeader.pch";
				INFOPLIST_FILE = Fairy/Info.plist;
				IPHONEOS_DEPLOYMENT_TARGET = 8.0;
				LD_RUNPATH_SEARCH_PATHS = "$(inherited) @executable_path/Frameworks";
				PRODUCT_BUNDLE_IDENTIFIER = "-23.Fairy";
				PRODUCT_NAME = "$(TARGET_NAME)";
				TARGETED_DEVICE_FAMILY = 1;
			};
			name = Release;
		};
/* End XCBuildConfiguration section */

/* Begin XCConfigurationList section */
		7EFBA34A20CC2F050059090B /* Build configuration list for PBXProject "Fairy" */ = {
			isa = XCConfigurationList;
			buildConfigurations = (
				7EFBA36320CC2F050059090B /* Debug */,
				7EFBA36420CC2F050059090B /* Release */,
			);
			defaultConfigurationIsVisible = 0;
			defaultConfigurationName = Release;
		};
		7EFBA36520CC2F050059090B /* Build configuration list for PBXNativeTarget "Fairy" */ = {
			isa = XCConfigurationList;
			buildConfigurations = (
				7EFBA36620CC2F050059090B /* Debug */,
				7EFBA36720CC2F050059090B /* Release */,
			);
			defaultConfigurationIsVisible = 0;
			defaultConfigurationName = Release;
		};
/* End XCConfigurationList section */
	};
	rootObject = 7EFBA34720CC2F050059090B /* Project object */;
}
